
Microsoft Visual Studio Solution File, Format Version 12.00
# Visual Studio Version 17
VisualStudioVersion = 17.2.32630.192
MinimumVisualStudioVersion = 10.0.40219.1
Project("{9A19103F-16F7-4668-BE54-9A1E7A4F7556}") = "Gobblet-Gobblers", "Gobblet-Gobblers\Gobblet-Gobblers.csproj", "{D45E9B4E-9E48-4D59-A5D2-402EC057E564}"
EndProject
Project("{FAE04EC0-301F-11D3-BF4B-00C04F79EFBC}") = "Gobblet-Gobblers-Test", "Gobblet-Gobblers-Test\Gobblet-Gobblers-Test.csproj", "{6754ABE5-2989-4739-8C88-DC624DFB47B6}"
EndProject
Global
	GlobalSection(SolutionConfigurationPlatforms) = preSolution
		Debug|Any CPU = Debug|Any CPU
		Release|Any CPU = Release|Any CPU
	EndGlobalSection
	GlobalSection(ProjectConfigurationPlatforms) = postSolution
		{D45E9B4E-9E48-4D59-A5D2-402EC057E564}.Debug|Any CPU.ActiveCfg = Debug|Any CPU
		{D45E9B4E-9E48-4D59-A5D2-402EC057E564}.Debug|Any CPU.Build.0 = Debug|Any CPU
		{D45E9B4E-9E48-4D59-A5D2-402EC057E564}.Release|Any CPU.ActiveCfg = Release|Any CPU
		{D45E9B4E-9E48-4D59-A5D2-402EC057E564}.Release|Any CPU.Build.0 = Release|Any CPU
		{6754ABE5-2989-4739-8C88-DC624DFB47B6}.Debug|Any CPU.ActiveCfg = Debug|Any CPU
		{6754ABE5-2989-4739-8C88-DC624DFB47B6}.Debug|Any CPU.Build.0 = Debug|Any CPU
		{6754ABE5-2989-4739-8C88-DC624DFB47B6}.Release|Any CPU.ActiveCfg = Release|Any CPU
		{6754ABE5-2989-4739-8C88-DC624DFB47B6}.Release|Any CPU.Build.0 = Release|Any CPU
	EndGlobalSection
	GlobalSection(SolutionProperties) = preSolution
		HideSolutionNode = FALSE
	EndGlobalSection
	GlobalSection(ExtensibilityGlobals) = postSolution
		SolutionGuid = {128ACA84-CAB4-495A-868B-8F11CCFEB869}
	EndGlobalSection
EndGlobal
